// !$*UTF8*$!
{
	archiveVersion = 1;
	classes = {
	};
	objectVersion = 50;
	objects = {

/* Begin PBXBuildFile section */
		A321CE7526CCB78800617E73 /* ExposureDetailView.swift in Sources */ = {isa = PBXBuildFile; fileRef = A321CE7426CCB78800617E73 /* ExposureDetailView.swift */; };
		A321CE7726CCB81700617E73 /* LoadingView.swift in Sources */ = {isa = PBXBuildFile; fileRef = A321CE7626CCB81700617E73 /* LoadingView.swift */; };
		A321CE8726CCCD9900617E73 /* DismissButton.swift in Sources */ = {isa = PBXBuildFile; fileRef = A321CE8626CCCD9900617E73 /* DismissButton.swift */; };
		A321CE8926CCDD4900617E73 /* PullToRefresh.swift in Sources */ = {isa = PBXBuildFile; fileRef = A321CE8826CCDD4900617E73 /* PullToRefresh.swift */; };
		A321CE8B26CCECDD00617E73 /* FormInfoRow.swift in Sources */ = {isa = PBXBuildFile; fileRef = A321CE8A26CCECDD00617E73 /* FormInfoRow.swift */; };
		A321CE8D26CCED9600617E73 /* ExposureSettingsViewModel.swift in Sources */ = {isa = PBXBuildFile; fileRef = A321CE8C26CCED9600617E73 /* ExposureSettingsViewModel.swift */; };
		A36DA36726CB293800DDA3D7 /* ExposureTrackingView.swift in Sources */ = {isa = PBXBuildFile; fileRef = A36DA36626CB293800DDA3D7 /* ExposureTrackingView.swift */; };
		A36DA36926CB294F00DDA3D7 /* MapErrorView.swift in Sources */ = {isa = PBXBuildFile; fileRef = A36DA36826CB294F00DDA3D7 /* MapErrorView.swift */; };
		A36DA36B26CB296800DDA3D7 /* MapRequestLocationView.swift in Sources */ = {isa = PBXBuildFile; fileRef = A36DA36A26CB296800DDA3D7 /* MapRequestLocationView.swift */; };
		A36DA36D26CB299600DDA3D7 /* ExposureMapViewModel.swift in Sources */ = {isa = PBXBuildFile; fileRef = A36DA36C26CB299600DDA3D7 /* ExposureMapViewModel.swift */; };
		A393338A26CA19BF00303F52 /* ExposureTabView.swift in Sources */ = {isa = PBXBuildFile; fileRef = A393338926CA19BF00303F52 /* ExposureTabView.swift */; };
		A393338C26CA19E500303F52 /* ExposureListView.swift in Sources */ = {isa = PBXBuildFile; fileRef = A393338B26CA19E500303F52 /* ExposureListView.swift */; };
		A393339026CA1BA800303F52 /* ExposureMapView.swift in Sources */ = {isa = PBXBuildFile; fileRef = A393338F26CA1BA800303F52 /* ExposureMapView.swift */; };
		A393339226CA1BD600303F52 /* ExposureSettingsView.swift in Sources */ = {isa = PBXBuildFile; fileRef = A393339126CA1BD600303F52 /* ExposureSettingsView.swift */; };
		A393339426CA1DF000303F52 /* NetworkManager.swift in Sources */ = {isa = PBXBuildFile; fileRef = A393339326CA1DF000303F52 /* NetworkManager.swift */; };
		A393339626CA1F4200303F52 /* ExposureModel.swift in Sources */ = {isa = PBXBuildFile; fileRef = A393339526CA1F4200303F52 /* ExposureModel.swift */; };
		A393339826CA1FDE00303F52 /* NetworkErrorType.swift in Sources */ = {isa = PBXBuildFile; fileRef = A393339726CA1FDE00303F52 /* NetworkErrorType.swift */; };
		A393339A26CA201B00303F52 /* ErrorAlert.swift in Sources */ = {isa = PBXBuildFile; fileRef = A393339926CA201B00303F52 /* ErrorAlert.swift */; };
		A39333A026CA319300303F52 /* ExposureListCell.swift in Sources */ = {isa = PBXBuildFile; fileRef = A393339F26CA319300303F52 /* ExposureListCell.swift */; };
		A39333A226CA358300303F52 /* ExposureModelMockData.swift in Sources */ = {isa = PBXBuildFile; fileRef = A39333A126CA358300303F52 /* ExposureModelMockData.swift */; };
		A39333A426CA471800303F52 /* ExposureListViewModel.swift in Sources */ = {isa = PBXBuildFile; fileRef = A39333A326CA471800303F52 /* ExposureListViewModel.swift */; };
		A3B7E82C26CBD1800082E5FE /* MapPermissionsView.swift in Sources */ = {isa = PBXBuildFile; fileRef = A3B7E82B26CBD1800082E5FE /* MapPermissionsView.swift */; };
		A3F0F6C126C653A6004877EC /* ExposureVICApp.swift in Sources */ = {isa = PBXBuildFile; fileRef = A3F0F6C026C653A6004877EC /* ExposureVICApp.swift */; };
		A3F0F6C526C653A7004877EC /* Assets.xcassets in Resources */ = {isa = PBXBuildFile; fileRef = A3F0F6C426C653A7004877EC /* Assets.xcassets */; };
		A3F0F6C826C653A7004877EC /* Preview Assets.xcassets in Resources */ = {isa = PBXBuildFile; fileRef = A3F0F6C726C653A7004877EC /* Preview Assets.xcassets */; };
/* End PBXBuildFile section */

/* Begin PBXFileReference section */
		A321CE7426CCB78800617E73 /* ExposureDetailView.swift */ = {isa = PBXFileReference; lastKnownFileType = sourcecode.swift; path = ExposureDetailView.swift; sourceTree = "<group>"; };
		A321CE7626CCB81700617E73 /* LoadingView.swift */ = {isa = PBXFileReference; lastKnownFileType = sourcecode.swift; path = LoadingView.swift; sourceTree = "<group>"; };
		A321CE8626CCCD9900617E73 /* DismissButton.swift */ = {isa = PBXFileReference; lastKnownFileType = sourcecode.swift; path = DismissButton.swift; sourceTree = "<group>"; };
		A321CE8826CCDD4900617E73 /* PullToRefresh.swift */ = {isa = PBXFileReference; lastKnownFileType = sourcecode.swift; path = PullToRefresh.swift; sourceTree = "<group>"; };
		A321CE8A26CCECDD00617E73 /* FormInfoRow.swift */ = {isa = PBXFileReference; lastKnownFileType = sourcecode.swift; path = FormInfoRow.swift; sourceTree = "<group>"; };
		A321CE8C26CCED9600617E73 /* ExposureSettingsViewModel.swift */ = {isa = PBXFileReference; lastKnownFileType = sourcecode.swift; path = ExposureSettingsViewModel.swift; sourceTree = "<group>"; };
		A36DA36626CB293800DDA3D7 /* ExposureTrackingView.swift */ = {isa = PBXFileReference; lastKnownFileType = sourcecode.swift; path = ExposureTrackingView.swift; sourceTree = "<group>"; };
		A36DA36826CB294F00DDA3D7 /* MapErrorView.swift */ = {isa = PBXFileReference; lastKnownFileType = sourcecode.swift; path = MapErrorView.swift; sourceTree = "<group>"; };
		A36DA36A26CB296800DDA3D7 /* MapRequestLocationView.swift */ = {isa = PBXFileReference; lastKnownFileType = sourcecode.swift; path = MapRequestLocationView.swift; sourceTree = "<group>"; };
		A36DA36C26CB299600DDA3D7 /* ExposureMapViewModel.swift */ = {isa = PBXFileReference; lastKnownFileType = sourcecode.swift; path = ExposureMapViewModel.swift; sourceTree = "<group>"; };
		A393338926CA19BF00303F52 /* ExposureTabView.swift */ = {isa = PBXFileReference; lastKnownFileType = sourcecode.swift; path = ExposureTabView.swift; sourceTree = "<group>"; };
		A393338B26CA19E500303F52 /* ExposureListView.swift */ = {isa = PBXFileReference; lastKnownFileType = sourcecode.swift; path = ExposureListView.swift; sourceTree = "<group>"; };
		A393338F26CA1BA800303F52 /* ExposureMapView.swift */ = {isa = PBXFileReference; lastKnownFileType = sourcecode.swift; path = ExposureMapView.swift; sourceTree = "<group>"; };
		A393339126CA1BD600303F52 /* ExposureSettingsView.swift */ = {isa = PBXFileReference; lastKnownFileType = sourcecode.swift; path = ExposureSettingsView.swift; sourceTree = "<group>"; };
		A393339326CA1DF000303F52 /* NetworkManager.swift */ = {isa = PBXFileReference; lastKnownFileType = sourcecode.swift; path = NetworkManager.swift; sourceTree = "<group>"; };
		A393339526CA1F4200303F52 /* ExposureModel.swift */ = {isa = PBXFileReference; lastKnownFileType = sourcecode.swift; path = ExposureModel.swift; sourceTree = "<group>"; };
		A393339726CA1FDE00303F52 /* NetworkErrorType.swift */ = {isa = PBXFileReference; lastKnownFileType = sourcecode.swift; path = NetworkErrorType.swift; sourceTree = "<group>"; };
		A393339926CA201B00303F52 /* ErrorAlert.swift */ = {isa = PBXFileReference; lastKnownFileType = sourcecode.swift; path = ErrorAlert.swift; sourceTree = "<group>"; };
		A393339F26CA319300303F52 /* ExposureListCell.swift */ = {isa = PBXFileReference; lastKnownFileType = sourcecode.swift; path = ExposureListCell.swift; sourceTree = "<group>"; };
		A39333A126CA358300303F52 /* ExposureModelMockData.swift */ = {isa = PBXFileReference; lastKnownFileType = sourcecode.swift; path = ExposureModelMockData.swift; sourceTree = "<group>"; };
		A39333A326CA471800303F52 /* ExposureListViewModel.swift */ = {isa = PBXFileReference; lastKnownFileType = sourcecode.swift; path = ExposureListViewModel.swift; sourceTree = "<group>"; };
		A3B7E82B26CBD1800082E5FE /* MapPermissionsView.swift */ = {isa = PBXFileReference; lastKnownFileType = sourcecode.swift; path = MapPermissionsView.swift; sourceTree = "<group>"; };
		A3F0F6BD26C653A6004877EC /* exposure-vic.app */ = {isa = PBXFileReference; explicitFileType = wrapper.application; includeInIndex = 0; path = "exposure-vic.app"; sourceTree = BUILT_PRODUCTS_DIR; };
		A3F0F6C026C653A6004877EC /* ExposureVICApp.swift */ = {isa = PBXFileReference; lastKnownFileType = sourcecode.swift; path = ExposureVICApp.swift; sourceTree = "<group>"; };
		A3F0F6C426C653A7004877EC /* Assets.xcassets */ = {isa = PBXFileReference; lastKnownFileType = folder.assetcatalog; path = Assets.xcassets; sourceTree = "<group>"; };
		A3F0F6C726C653A7004877EC /* Preview Assets.xcassets */ = {isa = PBXFileReference; lastKnownFileType = folder.assetcatalog; path = "Preview Assets.xcassets"; sourceTree = "<group>"; };
		A3F0F6C926C653A7004877EC /* Info.plist */ = {isa = PBXFileReference; lastKnownFileType = text.plist.xml; path = Info.plist; sourceTree = "<group>"; };
/* End PBXFileReference section */

/* Begin PBXFrameworksBuildPhase section */
		A3F0F6BA26C653A6004877EC /* Frameworks */ = {
			isa = PBXFrameworksBuildPhase;
			buildActionMask = 2147483647;
			files = (
			);
			runOnlyForDeploymentPostprocessing = 0;
		};
/* End PBXFrameworksBuildPhase section */

/* Begin PBXGroup section */
		A321CE7826CCC1AB00617E73 /* Screens */ = {
			isa = PBXGroup;
			children = (
				A393338926CA19BF00303F52 /* ExposureTabView.swift */,
				A321CE7A26CCC1D100617E73 /* MapView */,
				A321CE7926CCC1B200617E73 /* ListView */,
				A321CE7B26CCC1E000617E73 /* SettingsView */,
				A321CE8426CCC54D00617E73 /* ExposureDetailView */,
			);
			path = Screens;
			sourceTree = "<group>";
		};
		A321CE7926CCC1B200617E73 /* ListView */ = {
			isa = PBXGroup;
			children = (
				A39333A326CA471800303F52 /* ExposureListViewModel.swift */,
				A393338B26CA19E500303F52 /* ExposureListView.swift */,
			);
			path = ListView;
			sourceTree = "<group>";
		};
		A321CE7A26CCC1D100617E73 /* MapView */ = {
			isa = PBXGroup;
			children = (
				A36DA36626CB293800DDA3D7 /* ExposureTrackingView.swift */,
				A36DA36C26CB299600DDA3D7 /* ExposureMapViewModel.swift */,
				A393338F26CA1BA800303F52 /* ExposureMapView.swift */,
			);
			path = MapView;
			sourceTree = "<group>";
		};
		A321CE7B26CCC1E000617E73 /* SettingsView */ = {
			isa = PBXGroup;
			children = (
				A321CE8C26CCED9600617E73 /* ExposureSettingsViewModel.swift */,
				A393339126CA1BD600303F52 /* ExposureSettingsView.swift */,
			);
			path = SettingsView;
			sourceTree = "<group>";
		};
		A321CE7C26CCC2C500617E73 /* Utilities */ = {
			isa = PBXGroup;
			children = (
				A321CE7F26CCC31800617E73 /* Errors */,
				A321CE7E26CCC2F500617E73 /* Extensions */,
				A321CE7D26CCC2CC00617E73 /* Managers */,
			);
			path = Utilities;
			sourceTree = "<group>";
		};
		A321CE7D26CCC2CC00617E73 /* Managers */ = {
			isa = PBXGroup;
			children = (
				A393339326CA1DF000303F52 /* NetworkManager.swift */,
			);
			path = Managers;
			sourceTree = "<group>";
		};
		A321CE7E26CCC2F500617E73 /* Extensions */ = {
			isa = PBXGroup;
			children = (
			);
			path = Extensions;
			sourceTree = "<group>";
		};
		A321CE7F26CCC31800617E73 /* Errors */ = {
			isa = PBXGroup;
			children = (
				A36DA36826CB294F00DDA3D7 /* MapErrorView.swift */,
				A393339726CA1FDE00303F52 /* NetworkErrorType.swift */,
				A393339926CA201B00303F52 /* ErrorAlert.swift */,
			);
			path = Errors;
			sourceTree = "<group>";
		};
		A321CE8026CCC34E00617E73 /* Model */ = {
			isa = PBXGroup;
			children = (
				A393339526CA1F4200303F52 /* ExposureModel.swift */,
				A39333A126CA358300303F52 /* ExposureModelMockData.swift */,
			);
			path = Model;
			sourceTree = "<group>";
		};
		A321CE8126CCC40500617E73 /* UIKitComponents */ = {
			isa = PBXGroup;
			children = (
				A321CE7626CCB81700617E73 /* LoadingView.swift */,
				A321CE8826CCDD4900617E73 /* PullToRefresh.swift */,
			);
			path = UIKitComponents;
			sourceTree = "<group>";
		};
		A321CE8226CCC41B00617E73 /* Cells */ = {
			isa = PBXGroup;
			children = (
				A393339F26CA319300303F52 /* ExposureListCell.swift */,
				A321CE8A26CCECDD00617E73 /* FormInfoRow.swift */,
			);
			path = Cells;
			sourceTree = "<group>";
		};
		A321CE8326CCC45600617E73 /* MapPermissions */ = {
			isa = PBXGroup;
			children = (
				A3B7E82B26CBD1800082E5FE /* MapPermissionsView.swift */,
				A36DA36A26CB296800DDA3D7 /* MapRequestLocationView.swift */,
			);
			path = MapPermissions;
			sourceTree = "<group>";
		};
		A321CE8426CCC54D00617E73 /* ExposureDetailView */ = {
			isa = PBXGroup;
			children = (
				A321CE7426CCB78800617E73 /* ExposureDetailView.swift */,
			);
			path = ExposureDetailView;
			sourceTree = "<group>";
		};
		A321CE8526CCCD7E00617E73 /* Buttons */ = {
			isa = PBXGroup;
			children = (
				A321CE8626CCCD9900617E73 /* DismissButton.swift */,
			);
			path = Buttons;
			sourceTree = "<group>";
		};
		A3A4EAEB26CC7B0D0084A58A /* Views */ = {
			isa = PBXGroup;
			children = (
				A321CE8526CCCD7E00617E73 /* Buttons */,
				A321CE8326CCC45600617E73 /* MapPermissions */,
				A321CE8226CCC41B00617E73 /* Cells */,
				A321CE8126CCC40500617E73 /* UIKitComponents */,
			);
			path = Views;
			sourceTree = "<group>";
		};
		A3F0F6B426C653A6004877EC = {
			isa = PBXGroup;
			children = (
				A3F0F6BF26C653A6004877EC /* exposure-vic */,
				A3F0F6BE26C653A6004877EC /* Products */,
			);
			sourceTree = "<group>";
		};
		A3F0F6BE26C653A6004877EC /* Products */ = {
			isa = PBXGroup;
			children = (
				A3F0F6BD26C653A6004877EC /* exposure-vic.app */,
			);
			name = Products;
			sourceTree = "<group>";
		};
		A3F0F6BF26C653A6004877EC /* exposure-vic */ = {
			isa = PBXGroup;
			children = (
				A321CE8026CCC34E00617E73 /* Model */,
				A321CE7C26CCC2C500617E73 /* Utilities */,
				A3A4EAEB26CC7B0D0084A58A /* Views */,
				A321CE7826CCC1AB00617E73 /* Screens */,
				A3F0F6C026C653A6004877EC /* ExposureVICApp.swift */,
				A3F0F6C426C653A7004877EC /* Assets.xcassets */,
				A3F0F6C926C653A7004877EC /* Info.plist */,
				A3F0F6C626C653A7004877EC /* Preview Content */,
			);
			path = "exposure-vic";
			sourceTree = "<group>";
		};
		A3F0F6C626C653A7004877EC /* Preview Content */ = {
			isa = PBXGroup;
			children = (
				A3F0F6C726C653A7004877EC /* Preview Assets.xcassets */,
			);
			path = "Preview Content";
			sourceTree = "<group>";
		};
/* End PBXGroup section */

/* Begin PBXNativeTarget section */
		A3F0F6BC26C653A6004877EC /* exposure-vic */ = {
			isa = PBXNativeTarget;
			buildConfigurationList = A3F0F6CC26C653A7004877EC /* Build configuration list for PBXNativeTarget "exposure-vic" */;
			buildPhases = (
				A3F0F6B926C653A6004877EC /* Sources */,
				A3F0F6BA26C653A6004877EC /* Frameworks */,
				A3F0F6BB26C653A6004877EC /* Resources */,
			);
			buildRules = (
			);
			dependencies = (
			);
			name = "exposure-vic";
			productName = "exposure-vic";
			productReference = A3F0F6BD26C653A6004877EC /* exposure-vic.app */;
			productType = "com.apple.product-type.application";
		};
/* End PBXNativeTarget section */

/* Begin PBXProject section */
		A3F0F6B526C653A6004877EC /* Project object */ = {
			isa = PBXProject;
			attributes = {
				LastSwiftUpdateCheck = 1250;
				LastUpgradeCheck = 1250;
				TargetAttributes = {
					A3F0F6BC26C653A6004877EC = {
						CreatedOnToolsVersion = 12.5.1;
					};
				};
			};
			buildConfigurationList = A3F0F6B826C653A6004877EC /* Build configuration list for PBXProject "exposure-vic" */;
			compatibilityVersion = "Xcode 9.3";
			developmentRegion = en;
			hasScannedForEncodings = 0;
			knownRegions = (
				en,
				Base,
			);
			mainGroup = A3F0F6B426C653A6004877EC;
			productRefGroup = A3F0F6BE26C653A6004877EC /* Products */;
			projectDirPath = "";
			projectRoot = "";
			targets = (
				A3F0F6BC26C653A6004877EC /* exposure-vic */,
			);
		};
/* End PBXProject section */

/* Begin PBXResourcesBuildPhase section */
		A3F0F6BB26C653A6004877EC /* Resources */ = {
			isa = PBXResourcesBuildPhase;
			buildActionMask = 2147483647;
			files = (
				A3F0F6C826C653A7004877EC /* Preview Assets.xcassets in Resources */,
				A3F0F6C526C653A7004877EC /* Assets.xcassets in Resources */,
			);
			runOnlyForDeploymentPostprocessing = 0;
		};
/* End PBXResourcesBuildPhase section */

/* Begin PBXSourcesBuildPhase section */
		A3F0F6B926C653A6004877EC /* Sources */ = {
			isa = PBXSourcesBuildPhase;
			buildActionMask = 2147483647;
			files = (
				A3F0F6C126C653A6004877EC /* ExposureVICApp.swift in Sources */,
				A321CE8926CCDD4900617E73 /* PullToRefresh.swift in Sources */,
				A393339826CA1FDE00303F52 /* NetworkErrorType.swift in Sources */,
				A393338C26CA19E500303F52 /* ExposureListView.swift in Sources */,
				A393339626CA1F4200303F52 /* ExposureModel.swift in Sources */,
				A321CE7526CCB78800617E73 /* ExposureDetailView.swift in Sources */,
				A321CE8B26CCECDD00617E73 /* FormInfoRow.swift in Sources */,
				A321CE8D26CCED9600617E73 /* ExposureSettingsViewModel.swift in Sources */,
				A39333A026CA319300303F52 /* ExposureListCell.swift in Sources */,
				A393339226CA1BD600303F52 /* ExposureSettingsView.swift in Sources */,
				A39333A426CA471800303F52 /* ExposureListViewModel.swift in Sources */,
				A36DA36D26CB299600DDA3D7 /* ExposureMapViewModel.swift in Sources */,
				A36DA36726CB293800DDA3D7 /* ExposureTrackingView.swift in Sources */,
				A39333A226CA358300303F52 /* ExposureModelMockData.swift in Sources */,
				A393339426CA1DF000303F52 /* NetworkManager.swift in Sources */,
				A393338A26CA19BF00303F52 /* ExposureTabView.swift in Sources */,
				A393339026CA1BA800303F52 /* ExposureMapView.swift in Sources */,
				A393339A26CA201B00303F52 /* ErrorAlert.swift in Sources */,
				A36DA36926CB294F00DDA3D7 /* MapErrorView.swift in Sources */,
				A36DA36B26CB296800DDA3D7 /* MapRequestLocationView.swift in Sources */,
				A321CE7726CCB81700617E73 /* LoadingView.swift in Sources */,
				A321CE8726CCCD9900617E73 /* DismissButton.swift in Sources */,
				A3B7E82C26CBD1800082E5FE /* MapPermissionsView.swift in Sources */,
			);
			runOnlyForDeploymentPostprocessing = 0;
		};
/* End PBXSourcesBuildPhase section */

/* Begin XCBuildConfiguration section */
		A3F0F6CA26C653A7004877EC /* Debug */ = {
			isa = XCBuildConfiguration;
			buildSettings = {
				ALWAYS_SEARCH_USER_PATHS = NO;
				CLANG_ANALYZER_NONNULL = YES;
				CLANG_ANALYZER_NUMBER_OBJECT_CONVERSION = YES_AGGRESSIVE;
				CLANG_CXX_LANGUAGE_STANDARD = "gnu++14";
				CLANG_CXX_LIBRARY = "libc++";
				CLANG_ENABLE_MODULES = YES;
				CLANG_ENABLE_OBJC_ARC = YES;
				CLANG_ENABLE_OBJC_WEAK = YES;
				CLANG_WARN_BLOCK_CAPTURE_AUTORELEASING = YES;
				CLANG_WARN_BOOL_CONVERSION = YES;
				CLANG_WARN_COMMA = YES;
				CLANG_WARN_CONSTANT_CONVERSION = YES;
				CLANG_WARN_DEPRECATED_OBJC_IMPLEMENTATIONS = YES;
				CLANG_WARN_DIRECT_OBJC_ISA_USAGE = YES_ERROR;
				CLANG_WARN_DOCUMENTATION_COMMENTS = YES;
				CLANG_WARN_EMPTY_BODY = YES;
				CLANG_WARN_ENUM_CONVERSION = YES;
				CLANG_WARN_INFINITE_RECURSION = YES;
				CLANG_WARN_INT_CONVERSION = YES;
				CLANG_WARN_NON_LITERAL_NULL_CONVERSION = YES;
				CLANG_WARN_OBJC_IMPLICIT_RETAIN_SELF = YES;
				CLANG_WARN_OBJC_LITERAL_CONVERSION = YES;
				CLANG_WARN_OBJC_ROOT_CLASS = YES_ERROR;
				CLANG_WARN_QUOTED_INCLUDE_IN_FRAMEWORK_HEADER = YES;
				CLANG_WARN_RANGE_LOOP_ANALYSIS = YES;
				CLANG_WARN_STRICT_PROTOTYPES = YES;
				CLANG_WARN_SUSPICIOUS_MOVE = YES;
				CLANG_WARN_UNGUARDED_AVAILABILITY = YES_AGGRESSIVE;
				CLANG_WARN_UNREACHABLE_CODE = YES;
				CLANG_WARN__DUPLICATE_METHOD_MATCH = YES;
				COPY_PHASE_STRIP = NO;
				DEBUG_INFORMATION_FORMAT = dwarf;
				ENABLE_STRICT_OBJC_MSGSEND = YES;
				ENABLE_TESTABILITY = YES;
				GCC_C_LANGUAGE_STANDARD = gnu11;
				GCC_DYNAMIC_NO_PIC = NO;
				GCC_NO_COMMON_BLOCKS = YES;
				GCC_OPTIMIZATION_LEVEL = 0;
				GCC_PREPROCESSOR_DEFINITIONS = (
					"DEBUG=1",
					"$(inherited)",
				);
				GCC_WARN_64_TO_32_BIT_CONVERSION = YES;
				GCC_WARN_ABOUT_RETURN_TYPE = YES_ERROR;
				GCC_WARN_UNDECLARED_SELECTOR = YES;
				GCC_WARN_UNINITIALIZED_AUTOS = YES_AGGRESSIVE;
				GCC_WARN_UNUSED_FUNCTION = YES;
				GCC_WARN_UNUSED_VARIABLE = YES;
				IPHONEOS_DEPLOYMENT_TARGET = 14.1;
				MTL_ENABLE_DEBUG_INFO = INCLUDE_SOURCE;
				MTL_FAST_MATH = YES;
				ONLY_ACTIVE_ARCH = YES;
				SDKROOT = iphoneos;
				SWIFT_ACTIVE_COMPILATION_CONDITIONS = DEBUG;
				SWIFT_OPTIMIZATION_LEVEL = "-Onone";
			};
			name = Debug;
		};
		A3F0F6CB26C653A7004877EC /* Release */ = {
			isa = XCBuildConfiguration;
			buildSettings = {
				ALWAYS_SEARCH_USER_PATHS = NO;
				CLANG_ANALYZER_NONNULL = YES;
				CLANG_ANALYZER_NUMBER_OBJECT_CONVERSION = YES_AGGRESSIVE;
				CLANG_CXX_LANGUAGE_STANDARD = "gnu++14";
				CLANG_CXX_LIBRARY = "libc++";
				CLANG_ENABLE_MODULES = YES;
				CLANG_ENABLE_OBJC_ARC = YES;
				CLANG_ENABLE_OBJC_WEAK = YES;
				CLANG_WARN_BLOCK_CAPTURE_AUTORELEASING = YES;
				CLANG_WARN_BOOL_CONVERSION = YES;
				CLANG_WARN_COMMA = YES;
				CLANG_WARN_CONSTANT_CONVERSION = YES;
				CLANG_WARN_DEPRECATED_OBJC_IMPLEMENTATIONS = YES;
				CLANG_WARN_DIRECT_OBJC_ISA_USAGE = YES_ERROR;
				CLANG_WARN_DOCUMENTATION_COMMENTS = YES;
				CLANG_WARN_EMPTY_BODY = YES;
				CLANG_WARN_ENUM_CONVERSION = YES;
				CLANG_WARN_INFINITE_RECURSION = YES;
				CLANG_WARN_INT_CONVERSION = YES;
				CLANG_WARN_NON_LITERAL_NULL_CONVERSION = YES;
				CLANG_WARN_OBJC_IMPLICIT_RETAIN_SELF = YES;
				CLANG_WARN_OBJC_LITERAL_CONVERSION = YES;
				CLANG_WARN_OBJC_ROOT_CLASS = YES_ERROR;
				CLANG_WARN_QUOTED_INCLUDE_IN_FRAMEWORK_HEADER = YES;
				CLANG_WARN_RANGE_LOOP_ANALYSIS = YES;
				CLANG_WARN_STRICT_PROTOTYPES = YES;
				CLANG_WARN_SUSPICIOUS_MOVE = YES;
				CLANG_WARN_UNGUARDED_AVAILABILITY = YES_AGGRESSIVE;
				CLANG_WARN_UNREACHABLE_CODE = YES;
				CLANG_WARN__DUPLICATE_METHOD_MATCH = YES;
				COPY_PHASE_STRIP = NO;
				DEBUG_INFORMATION_FORMAT = "dwarf-with-dsym";
				ENABLE_NS_ASSERTIONS = NO;
				ENABLE_STRICT_OBJC_MSGSEND = YES;
				GCC_C_LANGUAGE_STANDARD = gnu11;
				GCC_NO_COMMON_BLOCKS = YES;
				GCC_WARN_64_TO_32_BIT_CONVERSION = YES;
				GCC_WARN_ABOUT_RETURN_TYPE = YES_ERROR;
				GCC_WARN_UNDECLARED_SELECTOR = YES;
				GCC_WARN_UNINITIALIZED_AUTOS = YES_AGGRESSIVE;
				GCC_WARN_UNUSED_FUNCTION = YES;
				GCC_WARN_UNUSED_VARIABLE = YES;
				IPHONEOS_DEPLOYMENT_TARGET = 14.1;
				MTL_ENABLE_DEBUG_INFO = NO;
				MTL_FAST_MATH = YES;
				SDKROOT = iphoneos;
				SWIFT_COMPILATION_MODE = wholemodule;
				SWIFT_OPTIMIZATION_LEVEL = "-O";
				VALIDATE_PRODUCT = YES;
			};
			name = Release;
		};
		A3F0F6CD26C653A7004877EC /* Debug */ = {
			isa = XCBuildConfiguration;
			buildSettings = {
				ASSETCATALOG_COMPILER_APPICON_NAME = AppIcon;
				ASSETCATALOG_COMPILER_GLOBAL_ACCENT_COLOR_NAME = AccentColor;
				CODE_SIGN_STYLE = Automatic;
				DEVELOPMENT_ASSET_PATHS = "\"exposure-vic/Preview Content\"";
				DEVELOPMENT_TEAM = 36N7S5EZ55;
				ENABLE_PREVIEWS = YES;
				INFOPLIST_FILE = "exposure-vic/Info.plist";
				IPHONEOS_DEPLOYMENT_TARGET = 14.1;
				LD_RUNPATH_SEARCH_PATHS = (
					"$(inherited)",
					"@executable_path/Frameworks",
				);
				PRODUCT_BUNDLE_IDENTIFIER = com.markbattistella.ExposureVIC;
				PRODUCT_NAME = "$(TARGET_NAME)";
				SWIFT_VERSION = 5.0;
				TARGETED_DEVICE_FAMILY = 1;
			};
			name = Debug;
		};
		A3F0F6CE26C653A7004877EC /* Release */ = {
			isa = XCBuildConfiguration;
			buildSettings = {
				ASSETCATALOG_COMPILER_APPICON_NAME = AppIcon;
				ASSETCATALOG_COMPILER_GLOBAL_ACCENT_COLOR_NAME = AccentColor;
				CODE_SIGN_STYLE = Automatic;
				DEVELOPMENT_ASSET_PATHS = "\"exposure-vic/Preview Content\"";
				DEVELOPMENT_TEAM = 36N7S5EZ55;
				ENABLE_PREVIEWS = YES;
				INFOPLIST_FILE = "exposure-vic/Info.plist";
				IPHONEOS_DEPLOYMENT_TARGET = 14.1;
				LD_RUNPATH_SEARCH_PATHS = (
					"$(inherited)",
					"@executable_path/Frameworks",
				);
				PRODUCT_BUNDLE_IDENTIFIER = com.markbattistella.ExposureVIC;
				PRODUCT_NAME = "$(TARGET_NAME)";
				SWIFT_VERSION = 5.0;
				TARGETED_DEVICE_FAMILY = 1;
			};
			name = Release;
		};
/* End XCBuildConfiguration section */

/* Begin XCConfigurationList section */
		A3F0F6B826C653A6004877EC /* Build configuration list for PBXProject "exposure-vic" */ = {
			isa = XCConfigurationList;
			buildConfigurations = (
				A3F0F6CA26C653A7004877EC /* Debug */,
				A3F0F6CB26C653A7004877EC /* Release */,
			);
			defaultConfigurationIsVisible = 0;
			defaultConfigurationName = Release;
		};
		A3F0F6CC26C653A7004877EC /* Build configuration list for PBXNativeTarget "exposure-vic" */ = {
			isa = XCConfigurationList;
			buildConfigurations = (
				A3F0F6CD26C653A7004877EC /* Debug */,
				A3F0F6CE26C653A7004877EC /* Release */,
			);
			defaultConfigurationIsVisible = 0;
			defaultConfigurationName = Release;
		};
/* End XCConfigurationList section */
	};
	rootObject = A3F0F6B526C653A6004877EC /* Project object */;
}
