// !$*UTF8*$!
{
	archiveVersion = 1;
	classes = {
	};
	objectVersion = 50;
	objects = {

/* Begin PBXBuildFile section */
		A321CE7526CCB78800617E73 /* DetailView.swift in Sources */ = {isa = PBXBuildFile; fileRef = A321CE7426CCB78800617E73 /* DetailView.swift */; };
		A321CE7726CCB81700617E73 /* ActivityIndicator.swift in Sources */ = {isa = PBXBuildFile; fileRef = A321CE7626CCB81700617E73 /* ActivityIndicator.swift */; };
		A321CE8926CCDD4900617E73 /* PullToRefresh.swift in Sources */ = {isa = PBXBuildFile; fileRef = A321CE8826CCDD4900617E73 /* PullToRefresh.swift */; };
		A321CE8B26CCECDD00617E73 /* FormTextRow.swift in Sources */ = {isa = PBXBuildFile; fileRef = A321CE8A26CCECDD00617E73 /* FormTextRow.swift */; };
		A321CE8D26CCED9600617E73 /* SettingsViewModel.swift in Sources */ = {isa = PBXBuildFile; fileRef = A321CE8C26CCED9600617E73 /* SettingsViewModel.swift */; };
		A321CE8F26CD02CB00617E73 /* SettingsModel.swift in Sources */ = {isa = PBXBuildFile; fileRef = A321CE8E26CD02CB00617E73 /* SettingsModel.swift */; };
		A321CEB626CF051200617E73 /* FormURLRow.swift in Sources */ = {isa = PBXBuildFile; fileRef = A321CEB526CF051200617E73 /* FormURLRow.swift */; };
		A335A09E26D120E600A9B907 /* DetailInfoView.swift in Sources */ = {isa = PBXBuildFile; fileRef = A335A09D26D120E600A9B907 /* DetailInfoView.swift */; };
		A335A0A026D12C3100A9B907 /* FullWidthButton.swift in Sources */ = {isa = PBXBuildFile; fileRef = A335A09F26D12C3100A9B907 /* FullWidthButton.swift */; };
		A34EEFF626D33F1A00173D24 /* AcknowledgementsView.swift in Sources */ = {isa = PBXBuildFile; fileRef = A34EEFF526D33F1A00173D24 /* AcknowledgementsView.swift */; };
		A35BB51A26E4EBA700067F17 /* ExposureAnnotation.swift in Sources */ = {isa = PBXBuildFile; fileRef = A35BB51926E4EBA700067F17 /* ExposureAnnotation.swift */; };
		A36DA36726CB293800DDA3D7 /* MapView.swift in Sources */ = {isa = PBXBuildFile; fileRef = A36DA36626CB293800DDA3D7 /* MapView.swift */; };
		A36DA36926CB294F00DDA3D7 /* MapErrorView.swift in Sources */ = {isa = PBXBuildFile; fileRef = A36DA36826CB294F00DDA3D7 /* MapErrorView.swift */; };
		A36DA36B26CB296800DDA3D7 /* MapRequestView.swift in Sources */ = {isa = PBXBuildFile; fileRef = A36DA36A26CB296800DDA3D7 /* MapRequestView.swift */; };
		A36DA36D26CB299600DDA3D7 /* MapViewModel.swift in Sources */ = {isa = PBXBuildFile; fileRef = A36DA36C26CB299600DDA3D7 /* MapViewModel.swift */; };
		A387AF6126E585B6009B285C /* ExposureLevel.swift in Sources */ = {isa = PBXBuildFile; fileRef = A387AF6026E585B6009B285C /* ExposureLevel.swift */; };
		A393338C26CA19E500303F52 /* ListView.swift in Sources */ = {isa = PBXBuildFile; fileRef = A393338B26CA19E500303F52 /* ListView.swift */; };
		A393339026CA1BA800303F52 /* MapSwitcherView.swift in Sources */ = {isa = PBXBuildFile; fileRef = A393338F26CA1BA800303F52 /* MapSwitcherView.swift */; };
		A393339226CA1BD600303F52 /* SettingsView.swift in Sources */ = {isa = PBXBuildFile; fileRef = A393339126CA1BD600303F52 /* SettingsView.swift */; };
		A393339426CA1DF000303F52 /* NetworkManager.swift in Sources */ = {isa = PBXBuildFile; fileRef = A393339326CA1DF000303F52 /* NetworkManager.swift */; };
		A393339626CA1F4200303F52 /* DataModel.swift in Sources */ = {isa = PBXBuildFile; fileRef = A393339526CA1F4200303F52 /* DataModel.swift */; };
		A393339826CA1FDE00303F52 /* ErrorType.swift in Sources */ = {isa = PBXBuildFile; fileRef = A393339726CA1FDE00303F52 /* ErrorType.swift */; };
		A393339A26CA201B00303F52 /* ErrorAlert.swift in Sources */ = {isa = PBXBuildFile; fileRef = A393339926CA201B00303F52 /* ErrorAlert.swift */; };
		A39333A026CA319300303F52 /* ListCell.swift in Sources */ = {isa = PBXBuildFile; fileRef = A393339F26CA319300303F52 /* ListCell.swift */; };
		A39333A426CA471800303F52 /* ExposureViewModel.swift in Sources */ = {isa = PBXBuildFile; fileRef = A39333A326CA471800303F52 /* ExposureViewModel.swift */; };
		A3957EEE26DE4C200093441B /* LegendOverlay.swift in Sources */ = {isa = PBXBuildFile; fileRef = A3957EED26DE4C200093441B /* LegendOverlay.swift */; };
		A39D87BE26D1DDB00079E895 /* OnboardingView.swift in Sources */ = {isa = PBXBuildFile; fileRef = A39D87BD26D1DDB00079E895 /* OnboardingView.swift */; };
		A39D87C026D1DE3A0079E895 /* OnboardingScreenView.swift in Sources */ = {isa = PBXBuildFile; fileRef = A39D87BF26D1DE3A0079E895 /* OnboardingScreenView.swift */; };
		A39D87C226D1E19E0079E895 /* Colour+Ext.swift in Sources */ = {isa = PBXBuildFile; fileRef = A39D87C126D1E19E0079E895 /* Colour+Ext.swift */; };
		A39D87C626D234040079E895 /* String+Ext.swift in Sources */ = {isa = PBXBuildFile; fileRef = A39D87C526D234040079E895 /* String+Ext.swift */; };
		A3BF0E1326CFD64F003CFF22 /* LoadingOverlay.swift in Sources */ = {isa = PBXBuildFile; fileRef = A3BF0E1226CFD64F003CFF22 /* LoadingOverlay.swift */; };
		A3CAF4F526E326F1004E7A5B /* UIMapView.swift in Sources */ = {isa = PBXBuildFile; fileRef = A3CAF4F426E326F1004E7A5B /* UIMapView.swift */; };
		A3CAF4F726E34970004E7A5B /* LegendItemOverlay.swift in Sources */ = {isa = PBXBuildFile; fileRef = A3CAF4F626E34970004E7A5B /* LegendItemOverlay.swift */; };
		A3CAF4FE26E4458E004E7A5B /* SearchBarView.swift in Sources */ = {isa = PBXBuildFile; fileRef = A3CAF4FD26E4458E004E7A5B /* SearchBarView.swift */; };
		A3CAF50026E44B45004E7A5B /* UIApplication+Ext.swift in Sources */ = {isa = PBXBuildFile; fileRef = A3CAF4FF26E44B45004E7A5B /* UIApplication+Ext.swift */; };
		A3CB77ED26E0AEA2004689CC /* View+Ext.swift in Sources */ = {isa = PBXBuildFile; fileRef = A3CB77EC26E0AEA2004689CC /* View+Ext.swift */; };
		A3CB77EF26E0AEFF004689CC /* EdgeBorder.swift in Sources */ = {isa = PBXBuildFile; fileRef = A3CB77EE26E0AEFF004689CC /* EdgeBorder.swift */; };
		A3F0F6C126C653A6004877EC /* ExposureVICApp.swift in Sources */ = {isa = PBXBuildFile; fileRef = A3F0F6C026C653A6004877EC /* ExposureVICApp.swift */; };
		A3F0F6C526C653A7004877EC /* Assets.xcassets in Resources */ = {isa = PBXBuildFile; fileRef = A3F0F6C426C653A7004877EC /* Assets.xcassets */; };
		A3F0F6C826C653A7004877EC /* Preview Assets.xcassets in Resources */ = {isa = PBXBuildFile; fileRef = A3F0F6C726C653A7004877EC /* Preview Assets.xcassets */; };
/* End PBXBuildFile section */

/* Begin PBXFileReference section */
		A321CE7426CCB78800617E73 /* DetailView.swift */ = {isa = PBXFileReference; lastKnownFileType = sourcecode.swift; path = DetailView.swift; sourceTree = "<group>"; };
		A321CE7626CCB81700617E73 /* ActivityIndicator.swift */ = {isa = PBXFileReference; lastKnownFileType = sourcecode.swift; path = ActivityIndicator.swift; sourceTree = "<group>"; };
		A321CE8826CCDD4900617E73 /* PullToRefresh.swift */ = {isa = PBXFileReference; lastKnownFileType = sourcecode.swift; path = PullToRefresh.swift; sourceTree = "<group>"; };
		A321CE8A26CCECDD00617E73 /* FormTextRow.swift */ = {isa = PBXFileReference; lastKnownFileType = sourcecode.swift; path = FormTextRow.swift; sourceTree = "<group>"; };
		A321CE8C26CCED9600617E73 /* SettingsViewModel.swift */ = {isa = PBXFileReference; lastKnownFileType = sourcecode.swift; path = SettingsViewModel.swift; sourceTree = "<group>"; };
		A321CE8E26CD02CB00617E73 /* SettingsModel.swift */ = {isa = PBXFileReference; lastKnownFileType = sourcecode.swift; path = SettingsModel.swift; sourceTree = "<group>"; };
		A321CEB526CF051200617E73 /* FormURLRow.swift */ = {isa = PBXFileReference; lastKnownFileType = sourcecode.swift; path = FormURLRow.swift; sourceTree = "<group>"; };
		A335A09D26D120E600A9B907 /* DetailInfoView.swift */ = {isa = PBXFileReference; lastKnownFileType = sourcecode.swift; path = DetailInfoView.swift; sourceTree = "<group>"; };
		A335A09F26D12C3100A9B907 /* FullWidthButton.swift */ = {isa = PBXFileReference; lastKnownFileType = sourcecode.swift; path = FullWidthButton.swift; sourceTree = "<group>"; };
		A34EEFF526D33F1A00173D24 /* AcknowledgementsView.swift */ = {isa = PBXFileReference; lastKnownFileType = sourcecode.swift; path = AcknowledgementsView.swift; sourceTree = "<group>"; };
		A35BB51926E4EBA700067F17 /* ExposureAnnotation.swift */ = {isa = PBXFileReference; lastKnownFileType = sourcecode.swift; path = ExposureAnnotation.swift; sourceTree = "<group>"; };
		A36DA36626CB293800DDA3D7 /* MapView.swift */ = {isa = PBXFileReference; lastKnownFileType = sourcecode.swift; path = MapView.swift; sourceTree = "<group>"; };
		A36DA36826CB294F00DDA3D7 /* MapErrorView.swift */ = {isa = PBXFileReference; lastKnownFileType = sourcecode.swift; path = MapErrorView.swift; sourceTree = "<group>"; };
		A36DA36A26CB296800DDA3D7 /* MapRequestView.swift */ = {isa = PBXFileReference; lastKnownFileType = sourcecode.swift; path = MapRequestView.swift; sourceTree = "<group>"; };
		A36DA36C26CB299600DDA3D7 /* MapViewModel.swift */ = {isa = PBXFileReference; lastKnownFileType = sourcecode.swift; path = MapViewModel.swift; sourceTree = "<group>"; };
		A387AF6026E585B6009B285C /* ExposureLevel.swift */ = {isa = PBXFileReference; lastKnownFileType = sourcecode.swift; path = ExposureLevel.swift; sourceTree = "<group>"; };
		A393338B26CA19E500303F52 /* ListView.swift */ = {isa = PBXFileReference; lastKnownFileType = sourcecode.swift; path = ListView.swift; sourceTree = "<group>"; };
		A393338F26CA1BA800303F52 /* MapSwitcherView.swift */ = {isa = PBXFileReference; lastKnownFileType = sourcecode.swift; path = MapSwitcherView.swift; sourceTree = "<group>"; };
		A393339126CA1BD600303F52 /* SettingsView.swift */ = {isa = PBXFileReference; lastKnownFileType = sourcecode.swift; path = SettingsView.swift; sourceTree = "<group>"; };
		A393339326CA1DF000303F52 /* NetworkManager.swift */ = {isa = PBXFileReference; lastKnownFileType = sourcecode.swift; path = NetworkManager.swift; sourceTree = "<group>"; };
		A393339526CA1F4200303F52 /* DataModel.swift */ = {isa = PBXFileReference; lastKnownFileType = sourcecode.swift; path = DataModel.swift; sourceTree = "<group>"; };
		A393339726CA1FDE00303F52 /* ErrorType.swift */ = {isa = PBXFileReference; lastKnownFileType = sourcecode.swift; path = ErrorType.swift; sourceTree = "<group>"; };
		A393339926CA201B00303F52 /* ErrorAlert.swift */ = {isa = PBXFileReference; lastKnownFileType = sourcecode.swift; path = ErrorAlert.swift; sourceTree = "<group>"; };
		A393339F26CA319300303F52 /* ListCell.swift */ = {isa = PBXFileReference; lastKnownFileType = sourcecode.swift; path = ListCell.swift; sourceTree = "<group>"; };
		A39333A326CA471800303F52 /* ExposureViewModel.swift */ = {isa = PBXFileReference; lastKnownFileType = sourcecode.swift; path = ExposureViewModel.swift; sourceTree = "<group>"; };
		A3957EED26DE4C200093441B /* LegendOverlay.swift */ = {isa = PBXFileReference; lastKnownFileType = sourcecode.swift; path = LegendOverlay.swift; sourceTree = "<group>"; };
		A39D87BD26D1DDB00079E895 /* OnboardingView.swift */ = {isa = PBXFileReference; lastKnownFileType = sourcecode.swift; path = OnboardingView.swift; sourceTree = "<group>"; };
		A39D87BF26D1DE3A0079E895 /* OnboardingScreenView.swift */ = {isa = PBXFileReference; lastKnownFileType = sourcecode.swift; path = OnboardingScreenView.swift; sourceTree = "<group>"; };
		A39D87C126D1E19E0079E895 /* Colour+Ext.swift */ = {isa = PBXFileReference; lastKnownFileType = sourcecode.swift; path = "Colour+Ext.swift"; sourceTree = "<group>"; };
		A39D87C526D234040079E895 /* String+Ext.swift */ = {isa = PBXFileReference; lastKnownFileType = sourcecode.swift; path = "String+Ext.swift"; sourceTree = "<group>"; };
		A3BF0E1226CFD64F003CFF22 /* LoadingOverlay.swift */ = {isa = PBXFileReference; lastKnownFileType = sourcecode.swift; path = LoadingOverlay.swift; sourceTree = "<group>"; };
		A3CAF4F426E326F1004E7A5B /* UIMapView.swift */ = {isa = PBXFileReference; lastKnownFileType = sourcecode.swift; path = UIMapView.swift; sourceTree = "<group>"; };
		A3CAF4F626E34970004E7A5B /* LegendItemOverlay.swift */ = {isa = PBXFileReference; lastKnownFileType = sourcecode.swift; path = LegendItemOverlay.swift; sourceTree = "<group>"; };
		A3CAF4FD26E4458E004E7A5B /* SearchBarView.swift */ = {isa = PBXFileReference; lastKnownFileType = sourcecode.swift; path = SearchBarView.swift; sourceTree = "<group>"; };
		A3CAF4FF26E44B45004E7A5B /* UIApplication+Ext.swift */ = {isa = PBXFileReference; lastKnownFileType = sourcecode.swift; path = "UIApplication+Ext.swift"; sourceTree = "<group>"; };
		A3CB77EC26E0AEA2004689CC /* View+Ext.swift */ = {isa = PBXFileReference; lastKnownFileType = sourcecode.swift; path = "View+Ext.swift"; sourceTree = "<group>"; };
		A3CB77EE26E0AEFF004689CC /* EdgeBorder.swift */ = {isa = PBXFileReference; lastKnownFileType = sourcecode.swift; path = EdgeBorder.swift; sourceTree = "<group>"; };
		A3F0F6BD26C653A6004877EC /* exposure-vic.app */ = {isa = PBXFileReference; explicitFileType = wrapper.application; includeInIndex = 0; path = "exposure-vic.app"; sourceTree = BUILT_PRODUCTS_DIR; };
		A3F0F6C026C653A6004877EC /* ExposureVICApp.swift */ = {isa = PBXFileReference; lastKnownFileType = sourcecode.swift; path = ExposureVICApp.swift; sourceTree = "<group>"; };
		A3F0F6C426C653A7004877EC /* Assets.xcassets */ = {isa = PBXFileReference; lastKnownFileType = folder.assetcatalog; path = Assets.xcassets; sourceTree = "<group>"; };
		A3F0F6C726C653A7004877EC /* Preview Assets.xcassets */ = {isa = PBXFileReference; lastKnownFileType = folder.assetcatalog; path = "Preview Assets.xcassets"; sourceTree = "<group>"; };
		A3F0F6C926C653A7004877EC /* Info.plist */ = {isa = PBXFileReference; lastKnownFileType = text.plist.xml; path = Info.plist; sourceTree = "<group>"; };
/* End PBXFileReference section */

/* Begin PBXFrameworksBuildPhase section */
		A3F0F6BA26C653A6004877EC /* Frameworks */ = {
			isa = PBXFrameworksBuildPhase;
			buildActionMask = 2147483647;
			files = (
			);
			runOnlyForDeploymentPostprocessing = 0;
		};
/* End PBXFrameworksBuildPhase section */

/* Begin PBXGroup section */
		A321CE7C26CCC2C500617E73 /* Utilities */ = {
			isa = PBXGroup;
			children = (
				A321CE7F26CCC31800617E73 /* Errors */,
				A321CE7E26CCC2F500617E73 /* Extensions */,
				A321CE7D26CCC2CC00617E73 /* Managers */,
			);
			path = Utilities;
			sourceTree = "<group>";
		};
		A321CE7D26CCC2CC00617E73 /* Managers */ = {
			isa = PBXGroup;
			children = (
				A393339326CA1DF000303F52 /* NetworkManager.swift */,
			);
			path = Managers;
			sourceTree = "<group>";
		};
		A321CE7E26CCC2F500617E73 /* Extensions */ = {
			isa = PBXGroup;
			children = (
				A39D87C126D1E19E0079E895 /* Colour+Ext.swift */,
				A39D87C526D234040079E895 /* String+Ext.swift */,
				A3CB77EC26E0AEA2004689CC /* View+Ext.swift */,
				A3CAF4FF26E44B45004E7A5B /* UIApplication+Ext.swift */,
			);
			path = Extensions;
			sourceTree = "<group>";
		};
		A321CE7F26CCC31800617E73 /* Errors */ = {
			isa = PBXGroup;
			children = (
				A393339726CA1FDE00303F52 /* ErrorType.swift */,
				A393339926CA201B00303F52 /* ErrorAlert.swift */,
			);
			path = Errors;
			sourceTree = "<group>";
		};
		A321CE8026CCC34E00617E73 /* Model */ = {
			isa = PBXGroup;
			children = (
				A393339526CA1F4200303F52 /* DataModel.swift */,
				A321CE8E26CD02CB00617E73 /* SettingsModel.swift */,
				A35BB51926E4EBA700067F17 /* ExposureAnnotation.swift */,
				A387AF6026E585B6009B285C /* ExposureLevel.swift */,
			);
			path = Model;
			sourceTree = "<group>";
		};
		A321CE8126CCC40500617E73 /* UIKitComponents */ = {
			isa = PBXGroup;
			children = (
				A321CE7626CCB81700617E73 /* ActivityIndicator.swift */,
				A321CE8826CCDD4900617E73 /* PullToRefresh.swift */,
				A3CAF4F426E326F1004E7A5B /* UIMapView.swift */,
			);
			path = UIKitComponents;
			sourceTree = "<group>";
		};
		A321CE8226CCC41B00617E73 /* Cells */ = {
			isa = PBXGroup;
			children = (
				A393339F26CA319300303F52 /* ListCell.swift */,
				A321CE8A26CCECDD00617E73 /* FormTextRow.swift */,
				A321CEB526CF051200617E73 /* FormURLRow.swift */,
			);
			path = Cells;
			sourceTree = "<group>";
		};
		A321CE8326CCC45600617E73 /* MapKit */ = {
			isa = PBXGroup;
			children = (
				A393338F26CA1BA800303F52 /* MapSwitcherView.swift */,
				A36DA36826CB294F00DDA3D7 /* MapErrorView.swift */,
				A36DA36A26CB296800DDA3D7 /* MapRequestView.swift */,
			);
			path = MapKit;
			sourceTree = "<group>";
		};
		A321CE8426CCC54D00617E73 /* Detail */ = {
			isa = PBXGroup;
			children = (
				A321CE7426CCB78800617E73 /* DetailView.swift */,
				A335A09D26D120E600A9B907 /* DetailInfoView.swift */,
			);
			path = Detail;
			sourceTree = "<group>";
		};
		A321CE8526CCCD7E00617E73 /* Buttons */ = {
			isa = PBXGroup;
			children = (
				A335A09F26D12C3100A9B907 /* FullWidthButton.swift */,
			);
			path = Buttons;
			sourceTree = "<group>";
		};
		A3A4EAEB26CC7B0D0084A58A /* Views */ = {
			isa = PBXGroup;
			children = (
				A3B39DB126D321B50048282F /* Overlays */,
				A321CE8426CCC54D00617E73 /* Detail */,
				A321CE8526CCCD7E00617E73 /* Buttons */,
				A321CE8326CCC45600617E73 /* MapKit */,
				A321CE8226CCC41B00617E73 /* Cells */,
				A3CAF4FC26E44574004E7A5B /* Search */,
				A321CE8126CCC40500617E73 /* UIKitComponents */,
			);
			path = Views;
			sourceTree = "<group>";
		};
		A3B39DB126D321B50048282F /* Overlays */ = {
			isa = PBXGroup;
			children = (
				A3BF0E1226CFD64F003CFF22 /* LoadingOverlay.swift */,
				A3CB77EE26E0AEFF004689CC /* EdgeBorder.swift */,
				A3957EED26DE4C200093441B /* LegendOverlay.swift */,
				A3CAF4F626E34970004E7A5B /* LegendItemOverlay.swift */,
			);
			path = Overlays;
			sourceTree = "<group>";
		};
		A3CAF4EF26E3211A004E7A5B /* Screens */ = {
			isa = PBXGroup;
			children = (
				A39333A326CA471800303F52 /* ExposureViewModel.swift */,
				A3CAF4F026E32159004E7A5B /* OnboardingView */,
				A3CAF4F126E3215F004E7A5B /* MapView */,
				A3CAF4F226E32165004E7A5B /* ListView */,
				A3CAF4F326E3216A004E7A5B /* SettingsView */,
			);
			path = Screens;
			sourceTree = "<group>";
		};
		A3CAF4F026E32159004E7A5B /* OnboardingView */ = {
			isa = PBXGroup;
			children = (
				A39D87BD26D1DDB00079E895 /* OnboardingView.swift */,
				A39D87BF26D1DE3A0079E895 /* OnboardingScreenView.swift */,
			);
			path = OnboardingView;
			sourceTree = "<group>";
		};
		A3CAF4F126E3215F004E7A5B /* MapView */ = {
			isa = PBXGroup;
			children = (
				A36DA36626CB293800DDA3D7 /* MapView.swift */,
				A36DA36C26CB299600DDA3D7 /* MapViewModel.swift */,
			);
			path = MapView;
			sourceTree = "<group>";
		};
		A3CAF4F226E32165004E7A5B /* ListView */ = {
			isa = PBXGroup;
			children = (
				A393338B26CA19E500303F52 /* ListView.swift */,
			);
			path = ListView;
			sourceTree = "<group>";
		};
		A3CAF4F326E3216A004E7A5B /* SettingsView */ = {
			isa = PBXGroup;
			children = (
				A393339126CA1BD600303F52 /* SettingsView.swift */,
				A321CE8C26CCED9600617E73 /* SettingsViewModel.swift */,
				A34EEFF526D33F1A00173D24 /* AcknowledgementsView.swift */,
			);
			path = SettingsView;
			sourceTree = "<group>";
		};
		A3CAF4FC26E44574004E7A5B /* Search */ = {
			isa = PBXGroup;
			children = (
				A3CAF4FD26E4458E004E7A5B /* SearchBarView.swift */,
			);
			path = Search;
			sourceTree = "<group>";
		};
		A3CB77E326E09A99004689CC /* Main */ = {
			isa = PBXGroup;
			children = (
				A3F0F6C026C653A6004877EC /* ExposureVICApp.swift */,
				A3F0F6C926C653A7004877EC /* Info.plist */,
				A3F0F6C626C653A7004877EC /* Preview Content */,
			);
			path = Main;
			sourceTree = "<group>";
		};
		A3F0F6B426C653A6004877EC = {
			isa = PBXGroup;
			children = (
				A3F0F6BF26C653A6004877EC /* exposure-vic */,
				A3F0F6BE26C653A6004877EC /* Products */,
			);
			sourceTree = "<group>";
		};
		A3F0F6BE26C653A6004877EC /* Products */ = {
			isa = PBXGroup;
			children = (
				A3F0F6BD26C653A6004877EC /* exposure-vic.app */,
			);
			name = Products;
			sourceTree = "<group>";
		};
		A3F0F6BF26C653A6004877EC /* exposure-vic */ = {
			isa = PBXGroup;
			children = (
				A321CE8026CCC34E00617E73 /* Model */,
				A321CE7C26CCC2C500617E73 /* Utilities */,
				A3A4EAEB26CC7B0D0084A58A /* Views */,
				A3CAF4EF26E3211A004E7A5B /* Screens */,
				A3CB77E326E09A99004689CC /* Main */,
				A3F0F6C426C653A7004877EC /* Assets.xcassets */,
			);
			path = "exposure-vic";
			sourceTree = "<group>";
		};
		A3F0F6C626C653A7004877EC /* Preview Content */ = {
			isa = PBXGroup;
			children = (
				A3F0F6C726C653A7004877EC /* Preview Assets.xcassets */,
			);
			path = "Preview Content";
			sourceTree = "<group>";
		};
/* End PBXGroup section */

/* Begin PBXNativeTarget section */
		A3F0F6BC26C653A6004877EC /* exposure-vic */ = {
			isa = PBXNativeTarget;
			buildConfigurationList = A3F0F6CC26C653A7004877EC /* Build configuration list for PBXNativeTarget "exposure-vic" */;
			buildPhases = (
				A3F0F6B926C653A6004877EC /* Sources */,
				A3F0F6BA26C653A6004877EC /* Frameworks */,
				A3F0F6BB26C653A6004877EC /* Resources */,
			);
			buildRules = (
			);
			dependencies = (
			);
			name = "exposure-vic";
			productName = "exposure-vic";
			productReference = A3F0F6BD26C653A6004877EC /* exposure-vic.app */;
			productType = "com.apple.product-type.application";
		};
/* End PBXNativeTarget section */

/* Begin PBXProject section */
		A3F0F6B526C653A6004877EC /* Project object */ = {
			isa = PBXProject;
			attributes = {
				LastSwiftUpdateCheck = 1250;
				LastUpgradeCheck = 1250;
				TargetAttributes = {
					A3F0F6BC26C653A6004877EC = {
						CreatedOnToolsVersion = 12.5.1;
					};
				};
			};
			buildConfigurationList = A3F0F6B826C653A6004877EC /* Build configuration list for PBXProject "exposure-vic" */;
			compatibilityVersion = "Xcode 9.3";
			developmentRegion = en;
			hasScannedForEncodings = 0;
			knownRegions = (
				en,
				Base,
			);
			mainGroup = A3F0F6B426C653A6004877EC;
			productRefGroup = A3F0F6BE26C653A6004877EC /* Products */;
			projectDirPath = "";
			projectRoot = "";
			targets = (
				A3F0F6BC26C653A6004877EC /* exposure-vic */,
			);
		};
/* End PBXProject section */

/* Begin PBXResourcesBuildPhase section */
		A3F0F6BB26C653A6004877EC /* Resources */ = {
			isa = PBXResourcesBuildPhase;
			buildActionMask = 2147483647;
			files = (
				A3F0F6C826C653A7004877EC /* Preview Assets.xcassets in Resources */,
				A3F0F6C526C653A7004877EC /* Assets.xcassets in Resources */,
			);
			runOnlyForDeploymentPostprocessing = 0;
		};
/* End PBXResourcesBuildPhase section */

/* Begin PBXSourcesBuildPhase section */
		A3F0F6B926C653A6004877EC /* Sources */ = {
			isa = PBXSourcesBuildPhase;
			buildActionMask = 2147483647;
			files = (
				A321CE8F26CD02CB00617E73 /* SettingsModel.swift in Sources */,
				A34EEFF626D33F1A00173D24 /* AcknowledgementsView.swift in Sources */,
				A39D87C226D1E19E0079E895 /* Colour+Ext.swift in Sources */,
				A3F0F6C126C653A6004877EC /* ExposureVICApp.swift in Sources */,
				A321CE8926CCDD4900617E73 /* PullToRefresh.swift in Sources */,
				A393339826CA1FDE00303F52 /* ErrorType.swift in Sources */,
				A393338C26CA19E500303F52 /* ListView.swift in Sources */,
				A3CAF4FE26E4458E004E7A5B /* SearchBarView.swift in Sources */,
				A3CB77ED26E0AEA2004689CC /* View+Ext.swift in Sources */,
				A393339626CA1F4200303F52 /* DataModel.swift in Sources */,
				A321CE7526CCB78800617E73 /* DetailView.swift in Sources */,
				A321CE8B26CCECDD00617E73 /* FormTextRow.swift in Sources */,
				A321CE8D26CCED9600617E73 /* SettingsViewModel.swift in Sources */,
				A35BB51A26E4EBA700067F17 /* ExposureAnnotation.swift in Sources */,
				A39333A026CA319300303F52 /* ListCell.swift in Sources */,
				A335A0A026D12C3100A9B907 /* FullWidthButton.swift in Sources */,
				A3BF0E1326CFD64F003CFF22 /* LoadingOverlay.swift in Sources */,
				A3CAF50026E44B45004E7A5B /* UIApplication+Ext.swift in Sources */,
				A321CEB626CF051200617E73 /* FormURLRow.swift in Sources */,
				A393339226CA1BD600303F52 /* SettingsView.swift in Sources */,
				A39333A426CA471800303F52 /* ExposureViewModel.swift in Sources */,
				A387AF6126E585B6009B285C /* ExposureLevel.swift in Sources */,
				A36DA36D26CB299600DDA3D7 /* MapViewModel.swift in Sources */,
				A36DA36726CB293800DDA3D7 /* MapView.swift in Sources */,
				A393339426CA1DF000303F52 /* NetworkManager.swift in Sources */,
				A39D87BE26D1DDB00079E895 /* OnboardingView.swift in Sources */,
				A3CAF4F526E326F1004E7A5B /* UIMapView.swift in Sources */,
				A393339026CA1BA800303F52 /* MapSwitcherView.swift in Sources */,
				A393339A26CA201B00303F52 /* ErrorAlert.swift in Sources */,
				A39D87C026D1DE3A0079E895 /* OnboardingScreenView.swift in Sources */,
				A36DA36926CB294F00DDA3D7 /* MapErrorView.swift in Sources */,
				A3CB77EF26E0AEFF004689CC /* EdgeBorder.swift in Sources */,
				A3CAF4F726E34970004E7A5B /* LegendItemOverlay.swift in Sources */,
				A3957EEE26DE4C200093441B /* LegendOverlay.swift in Sources */,
				A335A09E26D120E600A9B907 /* DetailInfoView.swift in Sources */,
				A36DA36B26CB296800DDA3D7 /* MapRequestView.swift in Sources */,
				A321CE7726CCB81700617E73 /* ActivityIndicator.swift in Sources */,
				A39D87C626D234040079E895 /* String+Ext.swift in Sources */,
			);
			runOnlyForDeploymentPostprocessing = 0;
		};
/* End PBXSourcesBuildPhase section */

/* Begin XCBuildConfiguration section */
		A3F0F6CA26C653A7004877EC /* Debug */ = {
			isa = XCBuildConfiguration;
			buildSettings = {
				ALWAYS_SEARCH_USER_PATHS = NO;
				CLANG_ANALYZER_NONNULL = YES;
				CLANG_ANALYZER_NUMBER_OBJECT_CONVERSION = YES_AGGRESSIVE;
				CLANG_CXX_LANGUAGE_STANDARD = "gnu++14";
				CLANG_CXX_LIBRARY = "libc++";
				CLANG_ENABLE_MODULES = YES;
				CLANG_ENABLE_OBJC_ARC = YES;
				CLANG_ENABLE_OBJC_WEAK = YES;
				CLANG_WARN_BLOCK_CAPTURE_AUTORELEASING = YES;
				CLANG_WARN_BOOL_CONVERSION = YES;
				CLANG_WARN_COMMA = YES;
				CLANG_WARN_CONSTANT_CONVERSION = YES;
				CLANG_WARN_DEPRECATED_OBJC_IMPLEMENTATIONS = YES;
				CLANG_WARN_DIRECT_OBJC_ISA_USAGE = YES_ERROR;
				CLANG_WARN_DOCUMENTATION_COMMENTS = YES;
				CLANG_WARN_EMPTY_BODY = YES;
				CLANG_WARN_ENUM_CONVERSION = YES;
				CLANG_WARN_INFINITE_RECURSION = YES;
				CLANG_WARN_INT_CONVERSION = YES;
				CLANG_WARN_NON_LITERAL_NULL_CONVERSION = YES;
				CLANG_WARN_OBJC_IMPLICIT_RETAIN_SELF = YES;
				CLANG_WARN_OBJC_LITERAL_CONVERSION = YES;
				CLANG_WARN_OBJC_ROOT_CLASS = YES_ERROR;
				CLANG_WARN_QUOTED_INCLUDE_IN_FRAMEWORK_HEADER = YES;
				CLANG_WARN_RANGE_LOOP_ANALYSIS = YES;
				CLANG_WARN_STRICT_PROTOTYPES = YES;
				CLANG_WARN_SUSPICIOUS_MOVE = YES;
				CLANG_WARN_UNGUARDED_AVAILABILITY = YES_AGGRESSIVE;
				CLANG_WARN_UNREACHABLE_CODE = YES;
				CLANG_WARN__DUPLICATE_METHOD_MATCH = YES;
				COPY_PHASE_STRIP = NO;
				DEBUG_INFORMATION_FORMAT = dwarf;
				ENABLE_STRICT_OBJC_MSGSEND = YES;
				ENABLE_TESTABILITY = YES;
				GCC_C_LANGUAGE_STANDARD = gnu11;
				GCC_DYNAMIC_NO_PIC = NO;
				GCC_NO_COMMON_BLOCKS = YES;
				GCC_OPTIMIZATION_LEVEL = 0;
				GCC_PREPROCESSOR_DEFINITIONS = (
					"DEBUG=1",
					"$(inherited)",
				);
				GCC_WARN_64_TO_32_BIT_CONVERSION = YES;
				GCC_WARN_ABOUT_RETURN_TYPE = YES_ERROR;
				GCC_WARN_UNDECLARED_SELECTOR = YES;
				GCC_WARN_UNINITIALIZED_AUTOS = YES_AGGRESSIVE;
				GCC_WARN_UNUSED_FUNCTION = YES;
				GCC_WARN_UNUSED_VARIABLE = YES;
				IPHONEOS_DEPLOYMENT_TARGET = 14.1;
				MTL_ENABLE_DEBUG_INFO = INCLUDE_SOURCE;
				MTL_FAST_MATH = YES;
				ONLY_ACTIVE_ARCH = YES;
				SDKROOT = iphoneos;
				SWIFT_ACTIVE_COMPILATION_CONDITIONS = DEBUG;
				SWIFT_OPTIMIZATION_LEVEL = "-Onone";
			};
			name = Debug;
		};
		A3F0F6CB26C653A7004877EC /* Release */ = {
			isa = XCBuildConfiguration;
			buildSettings = {
				ALWAYS_SEARCH_USER_PATHS = NO;
				CLANG_ANALYZER_NONNULL = YES;
				CLANG_ANALYZER_NUMBER_OBJECT_CONVERSION = YES_AGGRESSIVE;
				CLANG_CXX_LANGUAGE_STANDARD = "gnu++14";
				CLANG_CXX_LIBRARY = "libc++";
				CLANG_ENABLE_MODULES = YES;
				CLANG_ENABLE_OBJC_ARC = YES;
				CLANG_ENABLE_OBJC_WEAK = YES;
				CLANG_WARN_BLOCK_CAPTURE_AUTORELEASING = YES;
				CLANG_WARN_BOOL_CONVERSION = YES;
				CLANG_WARN_COMMA = YES;
				CLANG_WARN_CONSTANT_CONVERSION = YES;
				CLANG_WARN_DEPRECATED_OBJC_IMPLEMENTATIONS = YES;
				CLANG_WARN_DIRECT_OBJC_ISA_USAGE = YES_ERROR;
				CLANG_WARN_DOCUMENTATION_COMMENTS = YES;
				CLANG_WARN_EMPTY_BODY = YES;
				CLANG_WARN_ENUM_CONVERSION = YES;
				CLANG_WARN_INFINITE_RECURSION = YES;
				CLANG_WARN_INT_CONVERSION = YES;
				CLANG_WARN_NON_LITERAL_NULL_CONVERSION = YES;
				CLANG_WARN_OBJC_IMPLICIT_RETAIN_SELF = YES;
				CLANG_WARN_OBJC_LITERAL_CONVERSION = YES;
				CLANG_WARN_OBJC_ROOT_CLASS = YES_ERROR;
				CLANG_WARN_QUOTED_INCLUDE_IN_FRAMEWORK_HEADER = YES;
				CLANG_WARN_RANGE_LOOP_ANALYSIS = YES;
				CLANG_WARN_STRICT_PROTOTYPES = YES;
				CLANG_WARN_SUSPICIOUS_MOVE = YES;
				CLANG_WARN_UNGUARDED_AVAILABILITY = YES_AGGRESSIVE;
				CLANG_WARN_UNREACHABLE_CODE = YES;
				CLANG_WARN__DUPLICATE_METHOD_MATCH = YES;
				COPY_PHASE_STRIP = NO;
				DEBUG_INFORMATION_FORMAT = "dwarf-with-dsym";
				ENABLE_NS_ASSERTIONS = NO;
				ENABLE_STRICT_OBJC_MSGSEND = YES;
				GCC_C_LANGUAGE_STANDARD = gnu11;
				GCC_NO_COMMON_BLOCKS = YES;
				GCC_WARN_64_TO_32_BIT_CONVERSION = YES;
				GCC_WARN_ABOUT_RETURN_TYPE = YES_ERROR;
				GCC_WARN_UNDECLARED_SELECTOR = YES;
				GCC_WARN_UNINITIALIZED_AUTOS = YES_AGGRESSIVE;
				GCC_WARN_UNUSED_FUNCTION = YES;
				GCC_WARN_UNUSED_VARIABLE = YES;
				IPHONEOS_DEPLOYMENT_TARGET = 14.1;
				MTL_ENABLE_DEBUG_INFO = NO;
				MTL_FAST_MATH = YES;
				SDKROOT = iphoneos;
				SWIFT_COMPILATION_MODE = wholemodule;
				SWIFT_OPTIMIZATION_LEVEL = "-O";
				VALIDATE_PRODUCT = YES;
			};
			name = Release;
		};
		A3F0F6CD26C653A7004877EC /* Debug */ = {
			isa = XCBuildConfiguration;
			buildSettings = {
				ASSETCATALOG_COMPILER_APPICON_NAME = AppIcon;
				ASSETCATALOG_COMPILER_GLOBAL_ACCENT_COLOR_NAME = AccentColor;
				CODE_SIGN_STYLE = Automatic;
				DEVELOPMENT_ASSET_PATHS = "\"exposure-vic/Main/Preview Content\"";
				DEVELOPMENT_TEAM = 36N7S5EZ55;
				ENABLE_PREVIEWS = YES;
				INFOPLIST_FILE = "exposure-vic/Main/Info.plist";
				IPHONEOS_DEPLOYMENT_TARGET = 14.1;
				LD_RUNPATH_SEARCH_PATHS = (
					"$(inherited)",
					"@executable_path/Frameworks",
				);
				MARKETING_VERSION = 1.0.1;
				PRODUCT_BUNDLE_IDENTIFIER = com.markbattistella.ExposureVIC;
				PRODUCT_NAME = "$(TARGET_NAME)";
				SWIFT_VERSION = 5.0;
				TARGETED_DEVICE_FAMILY = 1;
			};
			name = Debug;
		};
		A3F0F6CE26C653A7004877EC /* Release */ = {
			isa = XCBuildConfiguration;
			buildSettings = {
				ASSETCATALOG_COMPILER_APPICON_NAME = AppIcon;
				ASSETCATALOG_COMPILER_GLOBAL_ACCENT_COLOR_NAME = AccentColor;
				CODE_SIGN_STYLE = Automatic;
				DEVELOPMENT_ASSET_PATHS = "\"exposure-vic/Main/Preview Content\"";
				DEVELOPMENT_TEAM = 36N7S5EZ55;
				ENABLE_PREVIEWS = YES;
				INFOPLIST_FILE = "exposure-vic/Main/Info.plist";
				IPHONEOS_DEPLOYMENT_TARGET = 14.1;
				LD_RUNPATH_SEARCH_PATHS = (
					"$(inherited)",
					"@executable_path/Frameworks",
				);
				MARKETING_VERSION = 1.0.1;
				PRODUCT_BUNDLE_IDENTIFIER = com.markbattistella.ExposureVIC;
				PRODUCT_NAME = "$(TARGET_NAME)";
				SWIFT_VERSION = 5.0;
				TARGETED_DEVICE_FAMILY = 1;
			};
			name = Release;
		};
/* End XCBuildConfiguration section */

/* Begin XCConfigurationList section */
		A3F0F6B826C653A6004877EC /* Build configuration list for PBXProject "exposure-vic" */ = {
			isa = XCConfigurationList;
			buildConfigurations = (
				A3F0F6CA26C653A7004877EC /* Debug */,
				A3F0F6CB26C653A7004877EC /* Release */,
			);
			defaultConfigurationIsVisible = 0;
			defaultConfigurationName = Release;
		};
		A3F0F6CC26C653A7004877EC /* Build configuration list for PBXNativeTarget "exposure-vic" */ = {
			isa = XCConfigurationList;
			buildConfigurations = (
				A3F0F6CD26C653A7004877EC /* Debug */,
				A3F0F6CE26C653A7004877EC /* Release */,
			);
			defaultConfigurationIsVisible = 0;
			defaultConfigurationName = Release;
		};
/* End XCConfigurationList section */
	};
	rootObject = A3F0F6B526C653A6004877EC /* Project object */;
}
